
Microsoft Visual Studio Solution File, Format Version 12.00
# Visual Studio Version 17
VisualStudioVersion = 17.3.32929.385
MinimumVisualStudioVersion = 10.0.40219.1
Project("{9A19103F-16F7-4668-BE54-9A1E7A4F7556}") = "DocsWASM.Server", "Server\DocsWASM.Server.csproj", "{13AE0BD3-2836-4D4D-8CFB-B766586FA2C2}"
EndProject
Project("{9A19103F-16F7-4668-BE54-9A1E7A4F7556}") = "DocsWASM.Client", "Client\DocsWASM.Client.csproj", "{7D55AC9B-F6E0-49C9-9A0A-EBEADAC32288}"
EndProject
Project("{9A19103F-16F7-4668-BE54-9A1E7A4F7556}") = "DocsWASM.Shared", "Shared\DocsWASM.Shared.csproj", "{4F401BCE-824C-41F0-B3B2-A337D42B6E76}"
EndProject
Global
	GlobalSection(SolutionConfigurationPlatforms) = preSolution
		Debug|Any CPU = Debug|Any CPU
		Release|Any CPU = Release|Any CPU
	EndGlobalSection
	GlobalSection(ProjectConfigurationPlatforms) = postSolution
		{13AE0BD3-2836-4D4D-8CFB-B766586FA2C2}.Debug|Any CPU.ActiveCfg = Debug|Any CPU
		{13AE0BD3-2836-4D4D-8CFB-B766586FA2C2}.Debug|Any CPU.Build.0 = Debug|Any CPU
		{13AE0BD3-2836-4D4D-8CFB-B766586FA2C2}.Release|Any CPU.ActiveCfg = Release|Any CPU
		{13AE0BD3-2836-4D4D-8CFB-B766586FA2C2}.Release|Any CPU.Build.0 = Release|Any CPU
		{7D55AC9B-F6E0-49C9-9A0A-EBEADAC32288}.Debug|Any CPU.ActiveCfg = Debug|Any CPU
		{7D55AC9B-F6E0-49C9-9A0A-EBEADAC32288}.Debug|Any CPU.Build.0 = Debug|Any CPU
		{7D55AC9B-F6E0-49C9-9A0A-EBEADAC32288}.Release|Any CPU.ActiveCfg = Release|Any CPU
		{7D55AC9B-F6E0-49C9-9A0A-EBEADAC32288}.Release|Any CPU.Build.0 = Release|Any CPU
		{4F401BCE-824C-41F0-B3B2-A337D42B6E76}.Debug|Any CPU.ActiveCfg = Debug|Any CPU
		{4F401BCE-824C-41F0-B3B2-A337D42B6E76}.Debug|Any CPU.Build.0 = Debug|Any CPU
		{4F401BCE-824C-41F0-B3B2-A337D42B6E76}.Release|Any CPU.ActiveCfg = Release|Any CPU
		{4F401BCE-824C-41F0-B3B2-A337D42B6E76}.Release|Any CPU.Build.0 = Release|Any CPU
	EndGlobalSection
	GlobalSection(SolutionProperties) = preSolution
		HideSolutionNode = FALSE
	EndGlobalSection
	GlobalSection(ExtensibilityGlobals) = postSolution
		SolutionGuid = {B66E62B4-F9F9-4C5F-97A1-A9DCE948DE3E}
	EndGlobalSection
EndGlobal
